{
    "_readme": [
        "This file locks the dependencies of your project to a known state",
        "Read more about it at https://getcomposer.org/doc/01-basic-usage.md#installing-dependencies",
        "This file is @generated automatically"
    ],
    "content-hash": "ebe2b0e843e210ae10d82be3b95bf086",
    "packages": [
        {
            "name": "php-debugbar/php-debugbar",
            "version": "v3.7.0",
            "source": {
                "type": "git",
                "url": "https://github.com/php-debugbar/php-debugbar.git",
                "reference": "4b920b8aa8198a3b7206842825bf86f43c61606f"
            },
            "dist": {
                "type": "zip",
                "url": "https://api.github.com/repos/php-debugbar/php-debugbar/zipball/4b920b8aa8198a3b7206842825bf86f43c61606f",
                "reference": "4b920b8aa8198a3b7206842825bf86f43c61606f",
                "shasum": ""
            },
            "require": {
                "php": "^8.2",
                "psr/log": "^1|^2|^3",
                "symfony/var-dumper": "^5.4|^6|^7|^8"
            },
            "replace": {
                "maximebf/debugbar": "self.version"
            },
            "require-dev": {
                "dbrekelmans/bdi": "^1.4",
                "friendsofphp/php-cs-fixer": "^3.92",
                "monolog/monolog": "^3.9",
                "php-debugbar/doctrine-bridge": "^3@dev",
                "php-debugbar/monolog-bridge": "^1@dev",
                "php-debugbar/symfony-bridge": "^1@dev",
                "php-debugbar/twig-bridge": "^2@dev",
                "phpstan/phpstan": "^2.1",
                "phpstan/phpstan-phpunit": "^2.0",
                "phpstan/phpstan-strict-rules": "^2.0",
                "phpunit/phpunit": "^10",
                "predis/predis": "^3.3",
                "shipmonk/phpstan-rules": "^4.3",
                "symfony/browser-kit": "^6.4|7.0",
                "symfony/dom-crawler": "^6.4|^7",
                "symfony/event-dispatcher": "^5.4|^6.4|^7.3|^8.0",
                "symfony/http-foundation": "^5.4|^6.4|^7.3|^8.0",
                "symfony/mailer": "^5.4|^6.4|^7.3|^8.0",
                "symfony/panther": "^1|^2.1",
                "twig/twig": "^3.11.2"
            },
            "suggest": {
                "php-debugbar/doctrine-bridge": "To integrate Doctrine with php-debugbar.",
                "php-debugbar/monolog-bridge": "To integrate Monolog with php-debugbar.",
                "php-debugbar/symfony-bridge": "To integrate Symfony with php-debugbar.",
                "php-debugbar/twig-bridge": "To integrate Twig with php-debugbar."
            },
            "type": "library",
            "extra": {
                "branch-alias": {
                    "dev-master": "3.0-dev"
                }
            },
            "autoload": {
                "psr-4": {
                    "DebugBar\\": "src/"
                }
            },
            "notification-url": "https://packagist.org/downloads/",
            "license": [
                "MIT"
            ],
            "authors": [
                {
                    "name": "Maxime Bouroumeau-Fuseau",
                    "email": "maxime.bouroumeau@gmail.com",
                    "homepage": "http://maximebf.com"
                },
                {
                    "name": "Barry vd. Heuvel",
                    "email": "barryvdh@gmail.com"
                }
            ],
            "description": "Debug bar in the browser for php application",
            "homepage": "https://github.com/php-debugbar/php-debugbar",
            "keywords": [
                "debug",
                "debug bar",
                "debugbar",
                "dev",
                "profiler",
                "toolbar"
            ],
            "support": {
                "issues": "https://github.com/php-debugbar/php-debugbar/issues",
                "source": "https://github.com/php-debugbar/php-debugbar/tree/v3.7.0"
            },
            "funding": [
                {
                    "url": "https://fruitcake.nl",
                    "type": "custom"
                },
                {
                    "url": "https://github.com/barryvdh",
                    "type": "github"
                }
            ],
            "time": "2026-04-04T08:04:02+00:00"
        },
        {
            "name": "psr/log",
            "version": "3.0.2",
            "source": {
                "type": "git",
                "url": "https://github.com/php-fig/log.git",
                "reference": "f16e1d5863e37f8d8c2a01719f5b34baa2b714d3"
            },
            "dist": {
                "type": "zip",
                "url": "https://api.github.com/repos/php-fig/log/zipball/f16e1d5863e37f8d8c2a01719f5b34baa2b714d3",
                "reference": "f16e1d5863e37f8d8c2a01719f5b34baa2b714d3",
                "shasum": ""
            },
            "require": {
                "php": ">=8.0.0"
            },
            "type": "library",
            "extra": {
                "branch-alias": {
                    "dev-master": "3.x-dev"
                }
            },
            "autoload": {
                "psr-4": {
                    "Psr\\Log\\": "src"
                }
            },
            "notification-url": "https://packagist.org/downloads/",
            "license": [
                "MIT"
            ],
            "authors": [
                {
                    "name": "PHP-FIG",
                    "homepage": "https://www.php-fig.org/"
                }
            ],
            "description": "Common interface for logging libraries",
            "homepage": "https://github.com/php-fig/log",
            "keywords": [
                "log",
                "psr",
                "psr-3"
            ],
            "support": {
                "source": "https://github.com/php-fig/log/tree/3.0.2"
            },
            "time": "2024-09-11T13:17:53+00:00"
        },
        {
            "name": "symfony/deprecation-contracts",
            "version": "v3.6.0",
            "source": {
                "type": "git",
                "url": "https://github.com/symfony/deprecation-contracts.git",
                "reference": "63afe740e99a13ba87ec199bb07bbdee937a5b62"
            },
            "dist": {
                "type": "zip",
                "url": "https://api.github.com/repos/symfony/deprecation-contracts/zipball/63afe740e99a13ba87ec199bb07bbdee937a5b62",
                "reference": "63afe740e99a13ba87ec199bb07bbdee937a5b62",
                "shasum": ""
            },
            "require": {
                "php": ">=8.1"
            },
            "type": "library",
            "extra": {
                "thanks": {
                    "url": "https://github.com/symfony/contracts",
                    "name": "symfony/contracts"
                },
                "branch-alias": {
                    "dev-main": "3.6-dev"
                }
            },
            "autoload": {
                "files": [
                    "function.php"
                ]
            },
            "notification-url": "https://packagist.org/downloads/",
            "license": [
                "MIT"
            ],
            "authors": [
                {
                    "name": "Nicolas Grekas",
                    "email": "p@tchwork.com"
                },
                {
                    "name": "Symfony Community",
                    "homepage": "https://symfony.com/contributors"
                }
            ],
            "description": "A generic function and convention to trigger deprecation notices",
            "homepage": "https://symfony.com",
            "support": {
                "source": "https://github.com/symfony/deprecation-contracts/tree/v3.6.0"
            },
            "funding": [
                {
                    "url": "https://symfony.com/sponsor",
                    "type": "custom"
                },
                {
                    "url": "https://github.com/fabpot",
                    "type": "github"
                },
                {
                    "url": "https://tidelift.com/funding/github/packagist/symfony/symfony",
                    "type": "tidelift"
                }
            ],
            "time": "2024-09-25T14:21:43+00:00"
        },
        {
            "name": "symfony/polyfill-mbstring",
            "version": "v1.33.0",
            "source": {
                "type": "git",
                "url": "https://github.com/symfony/polyfill-mbstring.git",
                "reference": "6d857f4d76bd4b343eac26d6b539585d2bc56493"
            },
            "dist": {
                "type": "zip",
                "url": "https://api.github.com/repos/symfony/polyfill-mbstring/zipball/6d857f4d76bd4b343eac26d6b539585d2bc56493",
                "reference": "6d857f4d76bd4b343eac26d6b539585d2bc56493",
                "shasum": ""
            },
            "require": {
                "ext-iconv": "*",
                "php": ">=7.2"
            },
            "provide": {
                "ext-mbstring": "*"
            },
            "suggest": {
                "ext-mbstring": "For best performance"
            },
            "type": "library",
            "extra": {
                "thanks": {
                    "url": "https://github.com/symfony/polyfill",
                    "name": "symfony/polyfill"
                }
            },
            "autoload": {
                "files": [
                    "bootstrap.php"
                ],
                "psr-4": {
                    "Symfony\\Polyfill\\Mbstring\\": ""
                }
            },
            "notification-url": "https://packagist.org/downloads/",
            "license": [
                "MIT"
            ],
            "authors": [
                {
                    "name": "Nicolas Grekas",
                    "email": "p@tchwork.com"
                },
                {
                    "name": "Symfony Community",
                    "homepage": "https://symfony.com/contributors"
                }
            ],
            "description": "Symfony polyfill for the Mbstring extension",
            "homepage": "https://symfony.com",
            "keywords": [
                "compatibility",
                "mbstring",
                "polyfill",
                "portable",
                "shim"
            ],
            "support": {
                "source": "https://github.com/symfony/polyfill-mbstring/tree/v1.33.0"
            },
            "funding": [
                {
                    "url": "https://symfony.com/sponsor",
                    "type": "custom"
                },
                {
                    "url": "https://github.com/fabpot",
                    "type": "github"
                },
                {
                    "url": "https://github.com/nicolas-grekas",
                    "type": "github"
                },
                {
                    "url": "https://tidelift.com/funding/github/packagist/symfony/symfony",
                    "type": "tidelift"
                }
            ],
            "time": "2024-12-23T08:48:59+00:00"
        },
        {
            "name": "symfony/var-dumper",
            "version": "v7.4.8",
            "source": {
                "type": "git",
                "url": "https://github.com/symfony/var-dumper.git",
                "reference": "9510c3966f749a1d1ff0059e1eabef6cc621e7fd"
            },
            "dist": {
                "type": "zip",
                "url": "https://api.github.com/repos/symfony/var-dumper/zipball/9510c3966f749a1d1ff0059e1eabef6cc621e7fd",
                "reference": "9510c3966f749a1d1ff0059e1eabef6cc621e7fd",
                "shasum": ""
            },
            "require": {
                "php": ">=8.2",
                "symfony/deprecation-contracts": "^2.5|^3",
                "symfony/polyfill-mbstring": "~1.0"
            },
            "conflict": {
                "symfony/console": "<6.4"
            },
            "require-dev": {
                "symfony/console": "^6.4|^7.0|^8.0",
                "symfony/http-kernel": "^6.4|^7.0|^8.0",
                "symfony/process": "^6.4|^7.0|^8.0",
                "symfony/uid": "^6.4|^7.0|^8.0",
                "twig/twig": "^3.12"
            },
            "bin": [
                "Resources/bin/var-dump-server"
            ],
            "type": "library",
            "autoload": {
                "files": [
                    "Resources/functions/dump.php"
                ],
                "psr-4": {
                    "Symfony\\Component\\VarDumper\\": ""
                },
                "exclude-from-classmap": [
                    "/Tests/"
                ]
            },
            "notification-url": "https://packagist.org/downloads/",
            "license": [
                "MIT"
            ],
            "authors": [
                {
                    "name": "Nicolas Grekas",
                    "email": "p@tchwork.com"
                },
                {
                    "name": "Symfony Community",
                    "homepage": "https://symfony.com/contributors"
                }
            ],
            "description": "Provides mechanisms for walking through any arbitrary PHP variable",
            "homepage": "https://symfony.com",
            "keywords": [
                "debug",
                "dump"
            ],
            "support": {
                "source": "https://github.com/symfony/var-dumper/tree/v7.4.8"
            },
            "funding": [
                {
                    "url": "https://symfony.com/sponsor",
                    "type": "custom"
                },
                {
                    "url": "https://github.com/fabpot",
                    "type": "github"
                },
                {
                    "url": "https://github.com/nicolas-grekas",
                    "type": "github"
                },
                {
                    "url": "https://tidelift.com/funding/github/packagist/symfony/symfony",
                    "type": "tidelift"
                }
            ],
            "time": "2026-03-30T13:44:50+00:00"
        }
    ],
    "packages-dev": [
        {
            "name": "micaherne/phpstan-moodle",
            "version": "v1.0.3",
            "source": {
                "type": "git",
                "url": "https://github.com/micaherne/phpstan-moodle.git",
                "reference": "a795b40075f471d5d6ec924278294aca8634f203"
            },
            "dist": {
                "type": "zip",
                "url": "https://api.github.com/repos/micaherne/phpstan-moodle/zipball/a795b40075f471d5d6ec924278294aca8634f203",
                "reference": "a795b40075f471d5d6ec924278294aca8634f203",
                "shasum": ""
            },
            "require": {
                "php": "^8.2",
                "phpstan/phpstan": "^2.0"
            },
            "require-dev": {
                "nikic/php-parser": "^5.0",
                "phpunit/phpunit": "^11.0",
                "psr/log": "^3.0",
                "rector/rector": "^2.0",
                "symfony/console": "^7.0",
                "symfony/filesystem": "^7.0",
                "symfony/finder": "^7.0",
                "symfony/process": "^7.0"
            },
            "type": "phpstan-extension",
            "extra": {
                "phpstan": {
                    "includes": [
                        "extension.neon"
                    ]
                }
            },
            "autoload": {
                "psr-4": {
                    "PhpstanMoodle\\": "src/"
                }
            },
            "notification-url": "https://packagist.org/downloads/",
            "license": [
                "GPL-3.0-or-later"
            ],
            "authors": [
                {
                    "name": "Michael Aherne",
                    "email": "micaherne@blueyonder.co.uk"
                }
            ],
            "description": "Rules and utilities for using PHPStan on Moodle code.",
            "support": {
                "issues": "https://github.com/micaherne/phpstan-moodle/issues",
                "source": "https://github.com/micaherne/phpstan-moodle/tree/v1.0.3"
            },
            "time": "2026-03-29T21:15:01+00:00"
        },
        {
            "name": "phpstan/phpstan",
            "version": "2.1.46",
            "dist": {
                "type": "zip",
                "url": "https://api.github.com/repos/phpstan/phpstan/zipball/a193923fc2d6325ef4e741cf3af8c3e8f54dbf25",
                "reference": "a193923fc2d6325ef4e741cf3af8c3e8f54dbf25",
                "shasum": ""
            },
            "require": {
                "php": "^7.4|^8.0"
            },
            "conflict": {
                "phpstan/phpstan-shim": "*"
            },
            "bin": [
                "phpstan",
                "phpstan.phar"
            ],
            "type": "library",
            "autoload": {
                "files": [
                    "bootstrap.php"
                ]
            },
            "notification-url": "https://packagist.org/downloads/",
            "license": [
                "MIT"
            ],
            "description": "PHPStan - PHP Static Analysis Tool",
            "keywords": [
                "dev",
                "static analysis"
            ],
            "support": {
                "docs": "https://phpstan.org/user-guide/getting-started",
                "forum": "https://github.com/phpstan/phpstan/discussions",
                "issues": "https://github.com/phpstan/phpstan/issues",
                "security": "https://github.com/phpstan/phpstan/security/policy",
                "source": "https://github.com/phpstan/phpstan-src"
            },
            "funding": [
                {
                    "url": "https://github.com/ondrejmirtes",
                    "type": "github"
                },
                {
                    "url": "https://github.com/phpstan",
                    "type": "github"
                }
            ],
            "time": "2026-04-01T09:25:14+00:00"
        }
    ],
    "aliases": [],
    "minimum-stability": "stable",
    "stability-flags": {},
    "prefer-stable": false,
    "prefer-lowest": false,
    "platform": {
        "php": "^8.3"
    },
    "platform-dev": {},
    "plugin-api-version": "2.6.0"
}
